
Microsoft Visual Studio Solution File, Format Version 12.00
# Visual Studio Version 16
VisualStudioVersion = 16.0.30011.22
MinimumVisualStudioVersion = 10.0.40219.1
Project("{FAE04EC0-301F-11D3-BF4B-00C04F79EFBC}") = "OnlineShop", "OnlineShop\OnlineShop.csproj", "{B7FFF198-5BCF-48E2-939E-1266B263B7FE}"
EndProject
Project("{FAE04EC0-301F-11D3-BF4B-00C04F79EFBC}") = "MODELS", "MODELS\MODELS.csproj", "{73F76D0B-5435-4BB5-B853-BFD6F206E4CD}"
EndProject
Global
	GlobalSection(SolutionConfigurationPlatforms) = preSolution
		Debug|Any CPU = Debug|Any CPU
		Release|Any CPU = Release|Any CPU
	EndGlobalSection
	GlobalSection(ProjectConfigurationPlatforms) = postSolution
		{B7FFF198-5BCF-48E2-939E-1266B263B7FE}.Debug|Any CPU.ActiveCfg = Debug|Any CPU
		{B7FFF198-5BCF-48E2-939E-1266B263B7FE}.Debug|Any CPU.Build.0 = Debug|Any CPU
		{B7FFF198-5BCF-48E2-939E-1266B263B7FE}.Release|Any CPU.ActiveCfg = Release|Any CPU
		{B7FFF198-5BCF-48E2-939E-1266B263B7FE}.Release|Any CPU.Build.0 = Release|Any CPU
		{73F76D0B-5435-4BB5-B853-BFD6F206E4CD}.Debug|Any CPU.ActiveCfg = Debug|Any CPU
		{73F76D0B-5435-4BB5-B853-BFD6F206E4CD}.Debug|Any CPU.Build.0 = Debug|Any CPU
		{73F76D0B-5435-4BB5-B853-BFD6F206E4CD}.Release|Any CPU.ActiveCfg = Release|Any CPU
		{73F76D0B-5435-4BB5-B853-BFD6F206E4CD}.Release|Any CPU.Build.0 = Release|Any CPU
	EndGlobalSection
	GlobalSection(SolutionProperties) = preSolution
		HideSolutionNode = FALSE
	EndGlobalSection
	GlobalSection(ExtensibilityGlobals) = postSolution
		SolutionGuid = {1856620C-6FF1-411E-9E68-2973DE9A51DE}
	EndGlobalSection
EndGlobal
